
Microsoft Visual Studio Solution File, Format Version 12.00
# Visual Studio Version 17
VisualStudioVersion = 17.8.34322.80
MinimumVisualStudioVersion = 10.0.40219.1
Project("{9A19103F-16F7-4668-BE54-9A1E7A4F7556}") = "BIO API DATA", "BIO API DATA\BIO API DATA.csproj", "{97CEBBC1-9A09-4DB3-917A-858AB1864A24}"
EndProject
Project("{FAE04EC0-301F-11D3-BF4B-00C04F79EFBC}") = "Test", "Test\Test.csproj", "{296A5C82-5239-44B7-BAE7-46AC957C15BB}"
EndProject
Global
	GlobalSection(SolutionConfigurationPlatforms) = preSolution
		Debug|Any CPU = Debug|Any CPU
		Release|Any CPU = Release|Any CPU
	EndGlobalSection
	GlobalSection(ProjectConfigurationPlatforms) = postSolution
		{97CEBBC1-9A09-4DB3-917A-858AB1864A24}.Debug|Any CPU.ActiveCfg = Debug|Any CPU
		{97CEBBC1-9A09-4DB3-917A-858AB1864A24}.Debug|Any CPU.Build.0 = Debug|Any CPU
		{97CEBBC1-9A09-4DB3-917A-858AB1864A24}.Release|Any CPU.ActiveCfg = Release|Any CPU
		{97CEBBC1-9A09-4DB3-917A-858AB1864A24}.Release|Any CPU.Build.0 = Release|Any CPU
		{296A5C82-5239-44B7-BAE7-46AC957C15BB}.Debug|Any CPU.ActiveCfg = Debug|Any CPU
		{296A5C82-5239-44B7-BAE7-46AC957C15BB}.Debug|Any CPU.Build.0 = Debug|Any CPU
		{296A5C82-5239-44B7-BAE7-46AC957C15BB}.Release|Any CPU.ActiveCfg = Release|Any CPU
		{296A5C82-5239-44B7-BAE7-46AC957C15BB}.Release|Any CPU.Build.0 = Release|Any CPU
	EndGlobalSection
	GlobalSection(SolutionProperties) = preSolution
		HideSolutionNode = FALSE
	EndGlobalSection
	GlobalSection(ExtensibilityGlobals) = postSolution
		SolutionGuid = {FFAE6928-314C-406B-8146-CD74BD64F4F6}
	EndGlobalSection
EndGlobal
